{
  "name": "@berachain/berachain-thridweb-demo",
  "version": "0.1.0",
  "lockfileVersion": 3,
  "requires": true,
  "packages": {
    "": {
      "name": "@berachain/berachain-thridweb-demo",
      "version": "0.1.0",
      "dependencies": {
        "@thirdweb-dev/chains": "^0.1.120",
        "@thirdweb-dev/react": "^4",
        "@thirdweb-dev/sdk": "^4",
        "ethers": "^5",
        "next": "^14",
        "react": "^18.2",
        "react-dom": "^18.2"
      },
      "devDependencies": {
        "@types/jest": "^29.5.0",
        "@types/node": "^18.11.11",
        "@types/react": "^18",
        "eslint": "^8.29.0",
        "eslint-config-next": "^13",
        "jest": "^29.5.0",
        "prettier": "^3.0.0",
        "tsup": "^8.0.0",
        "typescript": "^5.8.3"
      }
    },
    "../../node_modules/.pnpm/@thirdweb-dev+chains@0.1.120/node_modules/@thirdweb-dev/chains": {
      "version": "0.1.120",
      "devDependencies": {
        "@babel/runtime": "^7.24.5",
        "@preconstruct/cli": "2.7.0",
        "@thirdweb-dev/tsconfig": "^0.1.7",
        "eslint": "8.57.0",
        "eslint-config-thirdweb": "^0.1.9",
        "typescript": "5.4.4"
      },
      "engines": {
        "node": ">=18"
      }
    },
    "../../node_modules/.pnpm/@thirdweb-dev+react@4.9.4_@aws-sdk+credential-providers@3.883.0_@babel+core@7.28.4_@etherspro_6ciycj2e6qxtdsxvgrarielbca/node_modules/@thirdweb-dev/react": {
      "version": "4.9.4",
      "license": "Apache-2.0",
      "dependencies": {
        "@emotion/css": "11.10.5",
        "@emotion/react": "^11.11.4",
        "@emotion/styled": "11.11.0",
        "@google/model-viewer": "^2.1.1",
        "@headlessui/react": "1.7.18",
        "@radix-ui/colors": "^0.1.9",
        "@radix-ui/react-dialog": "^1.0.5",
        "@radix-ui/react-focus-scope": "^1.0.4",
        "@radix-ui/react-icons": "^1.3.0",
        "@radix-ui/react-popover": "^1.0.7",
        "@radix-ui/react-tabs": "^1.0.4",
        "@radix-ui/react-tooltip": "^1.0.7",
        "@tanstack/react-query": "^4.36.1",
        "@thirdweb-dev/chains": "0.1.120",
        "@thirdweb-dev/payments": "1.0.5",
        "@thirdweb-dev/react-core": "4.9.4",
        "@thirdweb-dev/sdk": "4.0.99",
        "@thirdweb-dev/wallets": "2.5.39",
        "buffer": "^6.0.3",
        "copy-to-clipboard": "^3.3.3",
        "detect-browser": "^5.3.0",
        "fuse.js": "^7.0.0",
        "input-otp": "^1.2.4",
        "qrcode": "^1.5.3",
        "tiny-invariant": "^1.3.3"
      },
      "devDependencies": {
        "@babel/runtime": "^7.24.5",
        "@microsoft/api-documenter": "^7.24.5",
        "@microsoft/api-extractor": "^7.43.0",
        "@microsoft/tsdoc": "^0.14.2",
        "@preconstruct/cli": "2.7.0",
        "@thirdweb-dev/auth": "^4.1.97",
        "@thirdweb-dev/sdk": "^4.0.99",
        "@thirdweb-dev/tsconfig": "^0.1.7",
        "@types/qrcode": "^1.5.5",
        "@types/react": "18.2.17",
        "@types/react-dom": "^18.2.24",
        "@types/uuid": "^9.0.8",
        "eslint": "8.57.0",
        "eslint-config-thirdweb": "^0.1.9",
        "eslint-plugin-better-tree-shaking": "0.0.4",
        "eslint-plugin-import": "^2.29.1",
        "eslint-plugin-inclusive-language": "^2.2.1",
        "eslint-plugin-prettier": "^5.1.3",
        "eslint-plugin-svg-jsx": "^1.2.4",
        "eslint-plugin-tsdoc": "^0.3.0",
        "ethers": "^5.7.2",
        "react": "18.2.0",
        "react-dom": "^18.2.0",
        "stream": "npm:stream-browserify@^3.0.0",
        "typedoc-gen": "^1.0.2",
        "typescript": "5.4.4"
      },
      "engines": {
        "node": ">=18"
      },
      "peerDependencies": {
        "@thirdweb-dev/sdk": "^4.0.99",
        "ethers": ">=5.5.1",
        "react": ">=18.0.0",
        "react-dom": ">=18.0.0"
      }
    },
    "../../node_modules/.pnpm/@thirdweb-dev+sdk@4.0.99_@aws-sdk+credential-providers@3.883.0_@react-native-async-storage+as_fqxvikfhnhfzsshpqjtxuo725e/node_modules/@thirdweb-dev/sdk": {
      "version": "4.0.99",
      "license": "Apache-2.0",
      "dependencies": {
        "@eth-optimism/sdk": "3.3.2",
        "@thirdweb-dev/chains": "0.1.120",
        "@thirdweb-dev/contracts-js": "1.3.23",
        "@thirdweb-dev/crypto": "0.2.6",
        "@thirdweb-dev/generated-abis": "0.0.2",
        "@thirdweb-dev/merkletree": "0.2.6",
        "@thirdweb-dev/storage": "2.0.15",
        "abitype": "1.0.0",
        "bn.js": "5.2.1",
        "bs58": "^5.0.0",
        "buffer": "^6.0.3",
        "eventemitter3": "^5.0.1",
        "fast-deep-equal": "^3.1.3",
        "thirdweb": "5.29.6",
        "tiny-invariant": "^1.3.3",
        "tweetnacl": "^1.0.3",
        "uuid": "^9.0.1",
        "yaml": "^2.4.1",
        "zod": "^3.22.4"
      },
      "devDependencies": {
        "@aws-sdk/client-secrets-manager": "^3.549.0",
        "@ethersproject/abstract-provider": "^5.7.0",
        "@microsoft/api-documenter": "^7.24.5",
        "@microsoft/api-extractor": "^7.43.0",
        "@microsoft/tsdoc": "^0.14.2",
        "@nomiclabs/hardhat-ethers": "^2.2.3",
        "@preconstruct/cli": "2.7.0",
        "@swc-node/register": "^1.9.0",
        "@swc/core": "^1.5.24",
        "@thirdweb-dev/tsconfig": "^0.1.7",
        "@types/bn.js": "^5.1.5",
        "@types/chai": "^4.3.14",
        "@types/deep-equal-in-any-order": "^1.0.3",
        "@types/mocha": "^10.0.6",
        "@types/node": "20.12.7",
        "@types/uuid": "^9.0.8",
        "chai": "^4.4.1",
        "deep-equal-in-any-order": "^1.1.20",
        "dotenv-mono": "^1.3.14",
        "eslint": "8.57.0",
        "eslint-config-thirdweb": "^0.1.9",
        "eslint-plugin-better-tree-shaking": "0.0.4",
        "eslint-plugin-import": "^2.29.1",
        "eslint-plugin-inclusive-language": "^2.2.1",
        "eslint-plugin-prettier": "^5.1.3",
        "eslint-plugin-tsdoc": "^0.3.0",
        "ethers": "^5.7.2",
        "ethers-aws-kms-signer": "^1.3.2",
        "hardhat": "^2.22.2",
        "mocha": "10.4.0",
        "nyc": "^15.1.0",
        "rimraf": "5.0.5",
        "typedoc-gen": "^1.0.2",
        "typescript": "5.4.4",
        "zksync-ethers": "^5.7.0"
      },
      "engines": {
        "node": ">=18"
      },
      "peerDependencies": {
        "@aws-sdk/client-secrets-manager": "^3.215.0",
        "ethers": "^5",
        "ethers-aws-kms-signer": "^1.3.2",
        "zksync-ethers": "^5.6.0"
      },
      "peerDependenciesMeta": {
        "@aws-sdk/client-secrets-manager": {
          "optional": true
        },
        "ethers-aws-kms-signer": {
          "optional": true
        },
        "zksync-ethers": {
          "optional": true
        }
      }
    },
    "../../node_modules/.pnpm/@types+jest@29.5.14/node_modules/@types/jest": {
      "version": "29.5.14",
      "dev": true,
      "license": "MIT",
      "dependencies": {
        "expect": "^29.0.0",
        "pretty-format": "^29.0.0"
      }
    },
    "../../node_modules/.pnpm/@types+node@18.19.124/node_modules/@types/node": {
      "version": "18.19.124",
      "dev": true,
      "license": "MIT",
      "dependencies": {
        "undici-types": "~5.26.4"
      }
    },
    "../../node_modules/.pnpm/@types+react@18.2.79/node_modules/@types/react": {
      "version": "18.2.79",
      "dev": true,
      "license": "MIT",
      "dependencies": {
        "@types/prop-types": "*",
        "csstype": "^3.0.2"
      }
    },
    "../../node_modules/.pnpm/@vercel+style-guide@5.2.0_@next+eslint-plugin-next@14.0.4_eslint@9.35.0_jiti@1.21.7__jest@29._4hsaf3ef47v3xopjwljgyyoauy/node_modules/@vercel/style-guide": {
      "version": "5.2.0",
      "extraneous": true,
      "license": "MPL-2.0",
      "dependencies": {
        "@babel/core": "^7.22.11",
        "@babel/eslint-parser": "^7.22.11",
        "@rushstack/eslint-patch": "^1.3.3",
        "@typescript-eslint/eslint-plugin": "^6.5.0",
        "@typescript-eslint/parser": "^6.5.0",
        "eslint-config-prettier": "^9.0.0",
        "eslint-import-resolver-alias": "^1.1.2",
        "eslint-import-resolver-typescript": "^3.6.0",
        "eslint-plugin-eslint-comments": "^3.2.0",
        "eslint-plugin-import": "^2.28.1",
        "eslint-plugin-jest": "^27.2.3",
        "eslint-plugin-jsx-a11y": "^6.7.1",
        "eslint-plugin-playwright": "^0.16.0",
        "eslint-plugin-react": "^7.33.2",
        "eslint-plugin-react-hooks": "^4.6.0",
        "eslint-plugin-testing-library": "^6.0.1",
        "eslint-plugin-tsdoc": "^0.2.17",
        "eslint-plugin-unicorn": "^48.0.1",
        "prettier-plugin-packagejson": "^2.4.5"
      },
      "devDependencies": {
        "@commitlint/cli": "^17.7.1",
        "@commitlint/config-conventional": "^17.7.0",
        "@semantic-release/git": "^10.0.1",
        "eslint": "^8.48.0",
        "husky": "^8.0.3",
        "lint-staged": "^14.0.1",
        "prettier": "^3.0.2",
        "semantic-release": "^21.1.1",
        "typescript": "^5.2.2"
      },
      "engines": {
        "node": ">=16"
      },
      "peerDependencies": {
        "@next/eslint-plugin-next": ">=12.3.0 <15",
        "eslint": ">=8.48.0 <9",
        "prettier": ">=3.0.0 <4",
        "typescript": ">=4.8.0 <6"
      },
      "peerDependenciesMeta": {
        "@next/eslint-plugin-next": {
          "optional": true
        },
        "eslint": {
          "optional": true
        },
        "prettier": {
          "optional": true
        },
        "typescript": {
          "optional": true
        }
      }
    },
    "../../node_modules/.pnpm/eslint-config-next@13.5.11_eslint@8.57.1_typescript@5.9.2/node_modules/eslint-config-next": {
      "version": "13.5.11",
      "dev": true,
      "license": "MIT",
      "dependencies": {
        "@next/eslint-plugin-next": "13.5.11",
        "@rushstack/eslint-patch": "^1.3.3",
        "@typescript-eslint/parser": "^5.4.2 || ^6.0.0",
        "eslint-import-resolver-node": "^0.3.6",
        "eslint-import-resolver-typescript": "^3.5.2",
        "eslint-plugin-import": "^2.28.1",
        "eslint-plugin-jsx-a11y": "^6.7.1",
        "eslint-plugin-react": "^7.33.2",
        "eslint-plugin-react-hooks": "^4.5.0 || 5.0.0-canary-7118f5dd7-20230705"
      },
      "peerDependencies": {
        "eslint": "^7.23.0 || ^8.0.0",
        "typescript": ">=3.3.1"
      },
      "peerDependenciesMeta": {
        "typescript": {
          "optional": true
        }
      }
    },
    "../../node_modules/.pnpm/eslint-config-prettier@9.1.2_eslint@9.35.0_jiti@1.21.7_/node_modules/eslint-config-prettier": {
      "version": "9.1.2",
      "extraneous": true,
      "license": "MIT",
      "bin": {
        "eslint-config-prettier": "bin/cli.js"
      },
      "peerDependencies": {
        "eslint": ">=7.0.0"
      }
    },
    "../../node_modules/.pnpm/eslint-config-turbo@1.13.4_eslint@9.35.0_jiti@1.21.7_/node_modules/eslint-config-turbo": {
      "version": "1.13.4",
      "extraneous": true,
      "license": "MPL-2.0",
      "dependencies": {
        "eslint-plugin-turbo": "1.13.4"
      },
      "devDependencies": {
        "@turbo/eslint-config": "0.0.0",
        "@types/eslint": "^8.44.2"
      },
      "peerDependencies": {
        "eslint": ">6.6.0"
      }
    },
    "../../node_modules/.pnpm/eslint-plugin-only-warn@1.1.0/node_modules/eslint-plugin-only-warn": {
      "version": "1.1.0",
      "extraneous": true,
      "license": "MIT",
      "devDependencies": {
        "eslint": "^7.31.0",
        "eslint-plugin-prettier": "^3.1.2",
        "jest": "^27.0.6",
        "prettier": "^2.3.2"
      },
      "engines": {
        "node": ">=6"
      }
    },
    "../../node_modules/.pnpm/eslint-plugin-simple-import-sort@12.1.1_eslint@9.35.0_jiti@1.21.7_/node_modules/eslint-plugin-simple-import-sort": {
      "version": "12.1.1",
      "extraneous": true,
      "license": "MIT",
      "peerDependencies": {
        "eslint": ">=5.0.0"
      }
    },
    "../../node_modules/.pnpm/eslint@8.57.1/node_modules/eslint": {
      "version": "8.57.1",
      "dev": true,
      "license": "MIT",
      "dependencies": {
        "@eslint-community/eslint-utils": "^4.2.0",
        "@eslint-community/regexpp": "^4.6.1",
        "@eslint/eslintrc": "^2.1.4",
        "@eslint/js": "8.57.1",
        "@humanwhocodes/config-array": "^0.13.0",
        "@humanwhocodes/module-importer": "^1.0.1",
        "@nodelib/fs.walk": "^1.2.8",
        "@ungap/structured-clone": "^1.2.0",
        "ajv": "^6.12.4",
        "chalk": "^4.0.0",
        "cross-spawn": "^7.0.2",
        "debug": "^4.3.2",
        "doctrine": "^3.0.0",
        "escape-string-regexp": "^4.0.0",
        "eslint-scope": "^7.2.2",
        "eslint-visitor-keys": "^3.4.3",
        "espree": "^9.6.1",
        "esquery": "^1.4.2",
        "esutils": "^2.0.2",
        "fast-deep-equal": "^3.1.3",
        "file-entry-cache": "^6.0.1",
        "find-up": "^5.0.0",
        "glob-parent": "^6.0.2",
        "globals": "^13.19.0",
        "graphemer": "^1.4.0",
        "ignore": "^5.2.0",
        "imurmurhash": "^0.1.4",
        "is-glob": "^4.0.0",
        "is-path-inside": "^3.0.3",
        "js-yaml": "^4.1.0",
        "json-stable-stringify-without-jsonify": "^1.0.1",
        "levn": "^0.4.1",
        "lodash.merge": "^4.6.2",
        "minimatch": "^3.1.2",
        "natural-compare": "^1.4.0",
        "optionator": "^0.9.3",
        "strip-ansi": "^6.0.1",
        "text-table": "^0.2.0"
      },
      "bin": {
        "eslint": "bin/eslint.js"
      },
      "devDependencies": {
        "@babel/core": "^7.4.3",
        "@babel/preset-env": "^7.4.3",
        "@sinonjs/fake-timers": "11.2.2",
        "@wdio/browser-runner": "^8.14.6",
        "@wdio/cli": "^8.14.6",
        "@wdio/concise-reporter": "^8.14.0",
        "@wdio/globals": "^8.14.6",
        "@wdio/mocha-framework": "^8.14.0",
        "babel-loader": "^8.0.5",
        "c8": "^7.12.0",
        "chai": "^4.0.1",
        "cheerio": "^0.22.0",
        "common-tags": "^1.8.0",
        "core-js": "^3.1.3",
        "ejs": "^3.0.2",
        "eslint": "file:.",
        "eslint-config-eslint": "file:packages/eslint-config-eslint",
        "eslint-plugin-eslint-comments": "^3.2.0",
        "eslint-plugin-eslint-plugin": "^5.2.1",
        "eslint-plugin-internal-rules": "file:tools/internal-rules",
        "eslint-plugin-jsdoc": "^46.2.5",
        "eslint-plugin-n": "^16.6.0",
        "eslint-plugin-unicorn": "^49.0.0",
        "eslint-release": "^3.3.0",
        "eslump": "^3.0.0",
        "esprima": "^4.0.1",
        "fast-glob": "^3.2.11",
        "fs-teardown": "^0.1.3",
        "glob": "^7.1.6",
        "got": "^11.8.3",
        "gray-matter": "^4.0.3",
        "lint-staged": "^11.0.0",
        "load-perf": "^0.2.0",
        "markdown-it": "^12.2.0",
        "markdown-it-container": "^3.0.0",
        "markdownlint": "^0.32.0",
        "markdownlint-cli": "^0.37.0",
        "marked": "^4.0.8",
        "memfs": "^3.0.1",
        "metascraper": "^5.25.7",
        "metascraper-description": "^5.25.7",
        "metascraper-image": "^5.29.3",
        "metascraper-logo": "^5.25.7",
        "metascraper-logo-favicon": "^5.25.7",
        "metascraper-title": "^5.25.7",
        "mocha": "^8.3.2",
        "mocha-junit-reporter": "^2.0.0",
        "node-polyfill-webpack-plugin": "^1.0.3",
        "npm-license": "^0.3.3",
        "pirates": "^4.0.5",
        "progress": "^2.0.3",
        "proxyquire": "^2.0.1",
        "recast": "^0.23.0",
        "regenerator-runtime": "^0.14.0",
        "rollup-plugin-node-polyfills": "^0.2.1",
        "semver": "^7.5.3",
        "shelljs": "^0.8.2",
        "sinon": "^11.0.0",
        "vite-plugin-commonjs": "0.10.1",
        "webdriverio": "^8.14.6",
        "webpack": "^5.23.0",
        "webpack-cli": "^4.5.0",
        "yorkie": "^2.0.0"
      },
      "engines": {
        "node": "^12.22.0 || ^14.17.0 || >=16.0.0"
      },
      "funding": {
        "url": "https://opencollective.com/eslint"
      }
    },
    "../../node_modules/.pnpm/ethers@5.8.0_bufferutil@4.0.9_utf-8-validate@5.0.10/node_modules/ethers": {
      "version": "5.8.0",
      "funding": [
        {
          "type": "individual",
          "url": "https://gitcoin.co/grants/13/ethersjs-complete-simple-and-tiny-2"
        },
        {
          "type": "individual",
          "url": "https://www.buymeacoffee.com/ricmoo"
        }
      ],
      "license": "MIT",
      "dependencies": {
        "@ethersproject/abi": "5.8.0",
        "@ethersproject/abstract-provider": "5.8.0",
        "@ethersproject/abstract-signer": "5.8.0",
        "@ethersproject/address": "5.8.0",
        "@ethersproject/base64": "5.8.0",
        "@ethersproject/basex": "5.8.0",
        "@ethersproject/bignumber": "5.8.0",
        "@ethersproject/bytes": "5.8.0",
        "@ethersproject/constants": "5.8.0",
        "@ethersproject/contracts": "5.8.0",
        "@ethersproject/hash": "5.8.0",
        "@ethersproject/hdnode": "5.8.0",
        "@ethersproject/json-wallets": "5.8.0",
        "@ethersproject/keccak256": "5.8.0",
        "@ethersproject/logger": "5.8.0",
        "@ethersproject/networks": "5.8.0",
        "@ethersproject/pbkdf2": "5.8.0",
        "@ethersproject/properties": "5.8.0",
        "@ethersproject/providers": "5.8.0",
        "@ethersproject/random": "5.8.0",
        "@ethersproject/rlp": "5.8.0",
        "@ethersproject/sha2": "5.8.0",
        "@ethersproject/signing-key": "5.8.0",
        "@ethersproject/solidity": "5.8.0",
        "@ethersproject/strings": "5.8.0",
        "@ethersproject/transactions": "5.8.0",
        "@ethersproject/units": "5.8.0",
        "@ethersproject/wallet": "5.8.0",
        "@ethersproject/web": "5.8.0",
        "@ethersproject/wordlists": "5.8.0"
      }
    },
    "../../node_modules/.pnpm/jest@29.7.0_@types+node@18.19.124_babel-plugin-macros@3.1.0_ts-node@10.9.1_@types+node@18.19.124_typescript@5.9.2_/node_modules/jest": {
      "version": "29.7.0",
      "dev": true,
      "license": "MIT",
      "dependencies": {
        "@jest/core": "^29.7.0",
        "@jest/types": "^29.6.3",
        "import-local": "^3.0.2",
        "jest-cli": "^29.7.0"
      },
      "bin": {
        "jest": "bin/jest.js"
      },
      "devDependencies": {
        "@tsd/typescript": "^5.0.4",
        "tsd-lite": "^0.7.0"
      },
      "engines": {
        "node": "^14.15.0 || ^16.10.0 || >=18.0.0"
      },
      "peerDependencies": {
        "node-notifier": "^8.0.1 || ^9.0.0 || ^10.0.0"
      },
      "peerDependenciesMeta": {
        "node-notifier": {
          "optional": true
        }
      }
    },
    "../../node_modules/.pnpm/next@14.2.26_@babel+core@7.28.4_babel-plugin-macros@3.1.0_react-dom@18.3.1_react@18.2.0__react@18.2.0/node_modules/next": {
      "version": "14.2.26",
      "license": "MIT",
      "dependencies": {
        "@next/env": "14.2.26",
        "@swc/helpers": "0.5.5",
        "busboy": "1.6.0",
        "caniuse-lite": "^1.0.30001579",
        "graceful-fs": "^4.2.11",
        "postcss": "8.4.31",
        "styled-jsx": "5.1.1"
      },
      "bin": {
        "next": "dist/bin/next"
      },
      "devDependencies": {
        "@ampproject/toolbox-optimizer": "2.8.3",
        "@babel/code-frame": "7.22.5",
        "@babel/core": "7.22.5",
        "@babel/eslint-parser": "7.22.5",
        "@babel/generator": "7.22.5",
        "@babel/plugin-proposal-class-properties": "7.18.6",
        "@babel/plugin-proposal-export-namespace-from": "7.18.9",
        "@babel/plugin-proposal-numeric-separator": "7.18.6",
        "@babel/plugin-proposal-object-rest-spread": "7.20.7",
        "@babel/plugin-syntax-bigint": "7.8.3",
        "@babel/plugin-syntax-dynamic-import": "7.8.3",
        "@babel/plugin-syntax-import-assertions": "7.22.5",
        "@babel/plugin-syntax-jsx": "7.22.5",
        "@babel/plugin-transform-modules-commonjs": "7.22.5",
        "@babel/plugin-transform-runtime": "7.22.5",
        "@babel/preset-env": "7.22.5",
        "@babel/preset-react": "7.22.5",
        "@babel/preset-typescript": "7.22.5",
        "@babel/runtime": "7.22.5",
        "@babel/traverse": "7.22.5",
        "@babel/types": "7.22.5",
        "@capsizecss/metrics": "2.2.0",
        "@edge-runtime/cookies": "5.0.0",
        "@edge-runtime/ponyfill": "3.0.0",
        "@edge-runtime/primitives": "5.0.0",
        "@hapi/accept": "5.0.2",
        "@jest/transform": "29.5.0",
        "@jest/types": "29.5.0",
        "@mswjs/interceptors": "0.23.0",
        "@napi-rs/triples": "1.2.0",
        "@next/polyfill-module": "14.2.26",
        "@next/polyfill-nomodule": "14.2.26",
        "@next/react-refresh-utils": "14.2.26",
        "@next/swc": "14.2.26",
        "@opentelemetry/api": "1.6.0",
        "@playwright/test": "1.41.2",
        "@taskr/clear": "1.1.0",
        "@taskr/esnext": "1.1.0",
        "@types/amphtml-validator": "1.0.0",
        "@types/babel__code-frame": "7.0.2",
        "@types/babel__core": "7.1.12",
        "@types/babel__generator": "7.6.2",
        "@types/babel__template": "7.4.0",
        "@types/babel__traverse": "7.11.0",
        "@types/bytes": "3.1.1",
        "@types/ci-info": "2.0.0",
        "@types/compression": "0.0.36",
        "@types/content-disposition": "0.5.4",
        "@types/content-type": "1.1.3",
        "@types/cookie": "0.3.3",
        "@types/cross-spawn": "6.0.0",
        "@types/debug": "4.1.5",
        "@types/express-serve-static-core": "4.17.33",
        "@types/fresh": "0.5.0",
        "@types/glob": "7.1.1",
        "@types/graceful-fs": "4.1.9",
        "@types/jsonwebtoken": "9.0.0",
        "@types/lodash": "4.14.198",
        "@types/lodash.curry": "4.1.6",
        "@types/lru-cache": "5.1.0",
        "@types/path-to-regexp": "1.7.0",
        "@types/picomatch": "2.3.3",
        "@types/platform": "1.3.4",
        "@types/react": "18.2.37",
        "@types/react-dom": "18.2.15",
        "@types/react-is": "17.0.3",
        "@types/semver": "7.3.1",
        "@types/send": "0.14.4",
        "@types/shell-quote": "1.7.1",
        "@types/tar": "6.1.5",
        "@types/text-table": "0.2.1",
        "@types/ua-parser-js": "0.7.36",
        "@types/uuid": "8.3.1",
        "@types/webpack-sources1": "npm:@types/webpack-sources@0.1.5",
        "@types/ws": "8.2.0",
        "@vercel/ncc": "0.34.0",
        "@vercel/nft": "0.26.4",
        "@vercel/turbopack-ecmascript-runtime": "https://gitpkg-fork.vercel.sh/vercel/turbo/crates/turbopack-ecmascript-runtime/js?turbopack-240417.2",
        "acorn": "8.11.3",
        "amphtml-validator": "1.0.35",
        "anser": "1.4.9",
        "arg": "4.1.0",
        "assert": "2.0.0",
        "async-retry": "1.2.3",
        "async-sema": "3.0.0",
        "babel-plugin-transform-define": "2.0.0",
        "babel-plugin-transform-react-remove-prop-types": "0.4.24",
        "browserify-zlib": "0.2.0",
        "browserslist": "4.22.2",
        "buffer": "5.6.0",
        "bytes": "3.1.1",
        "ci-info": "watson/ci-info#f43f6a1cefff47fb361c88cf4b943fdbcaafe540",
        "cli-select": "1.1.2",
        "client-only": "0.0.1",
        "commander": "12.0.0",
        "comment-json": "3.0.3",
        "compression": "1.7.4",
        "conf": "5.0.0",
        "constants-browserify": "1.0.0",
        "content-disposition": "0.5.3",
        "content-type": "1.0.4",
        "cookie": "0.4.1",
        "cross-spawn": "7.0.3",
        "crypto-browserify": "3.12.0",
        "css.escape": "1.5.1",
        "cssnano-preset-default": "5.2.14",
        "data-uri-to-buffer": "3.0.1",
        "debug": "4.1.1",
        "devalue": "2.0.1",
        "domain-browser": "4.19.0",
        "edge-runtime": "3.0.0",
        "events": "3.3.0",
        "find-up": "4.1.0",
        "fresh": "0.5.2",
        "get-orientation": "1.1.2",
        "glob": "7.1.7",
        "gzip-size": "5.1.1",
        "http-proxy": "1.18.1",
        "http-proxy-agent": "5.0.0",
        "https-browserify": "1.0.0",
        "https-proxy-agent": "5.0.1",
        "icss-utils": "5.1.0",
        "ignore-loader": "0.1.2",
        "image-size": "1.0.0",
        "is-docker": "2.0.0",
        "is-wsl": "2.2.0",
        "jest-worker": "27.5.1",
        "json5": "2.2.3",
        "jsonwebtoken": "9.0.0",
        "loader-runner": "4.3.0",
        "loader-utils2": "npm:loader-utils@2.0.0",
        "loader-utils3": "npm:loader-utils@3.1.3",
        "lodash.curry": "4.1.1",
        "lru-cache": "5.1.1",
        "mini-css-extract-plugin": "2.4.4",
        "msw": "1.3.0",
        "nanoid": "3.1.32",
        "native-url": "0.3.4",
        "neo-async": "2.6.1",
        "node-html-parser": "5.3.3",
        "ora": "4.0.4",
        "os-browserify": "0.3.0",
        "p-limit": "3.1.0",
        "path-browserify": "1.0.1",
        "path-to-regexp": "6.1.0",
        "picomatch": "4.0.1",
        "platform": "1.3.6",
        "postcss-flexbugs-fixes": "5.0.2",
        "postcss-modules-extract-imports": "3.0.0",
        "postcss-modules-local-by-default": "4.0.4",
        "postcss-modules-scope": "3.0.0",
        "postcss-modules-values": "4.0.0",
        "postcss-preset-env": "7.4.3",
        "postcss-safe-parser": "6.0.0",
        "postcss-scss": "4.0.3",
        "postcss-value-parser": "4.2.0",
        "process": "0.11.10",
        "punycode": "2.1.1",
        "querystring-es3": "0.2.1",
        "raw-body": "2.4.1",
        "react-is": "18.2.0",
        "react-refresh": "0.12.0",
        "regenerator-runtime": "0.13.4",
        "sass-loader": "12.4.0",
        "schema-utils2": "npm:schema-utils@2.7.1",
        "schema-utils3": "npm:schema-utils@3.0.0",
        "semver": "7.3.2",
        "send": "0.17.1",
        "server-only": "0.0.1",
        "setimmediate": "1.0.5",
        "shell-quote": "1.7.3",
        "source-map": "0.6.1",
        "source-map08": "npm:source-map@0.8.0-beta.0",
        "stacktrace-parser": "0.1.10",
        "stream-browserify": "3.0.0",
        "stream-http": "3.1.1",
        "strict-event-emitter": "0.5.0",
        "string_decoder": "1.3.0",
        "string-hash": "1.1.3",
        "strip-ansi": "6.0.0",
        "superstruct": "1.0.3",
        "tar": "6.1.15",
        "taskr": "1.1.0",
        "terser": "5.27.0",
        "terser-webpack-plugin": "5.3.9",
        "text-table": "0.2.0",
        "timers-browserify": "2.0.12",
        "tty-browserify": "0.0.1",
        "ua-parser-js": "1.0.35",
        "unistore": "3.4.1",
        "util": "0.12.4",
        "uuid": "8.3.2",
        "vm-browserify": "1.1.2",
        "watchpack": "2.4.0",
        "web-vitals": "3.0.0",
        "webpack": "5.90.0",
        "webpack-sources1": "npm:webpack-sources@1.4.3",
        "webpack-sources3": "npm:webpack-sources@3.2.3",
        "ws": "8.2.3",
        "zod": "3.22.3"
      },
      "engines": {
        "node": ">=18.17.0"
      },
      "optionalDependencies": {
        "@next/swc-darwin-arm64": "14.2.26",
        "@next/swc-darwin-x64": "14.2.26",
        "@next/swc-linux-arm64-gnu": "14.2.26",
        "@next/swc-linux-arm64-musl": "14.2.26",
        "@next/swc-linux-x64-gnu": "14.2.26",
        "@next/swc-linux-x64-musl": "14.2.26",
        "@next/swc-win32-arm64-msvc": "14.2.26",
        "@next/swc-win32-ia32-msvc": "14.2.26",
        "@next/swc-win32-x64-msvc": "14.2.26"
      },
      "peerDependencies": {
        "@opentelemetry/api": "^1.1.0",
        "@playwright/test": "^1.41.2",
        "react": "^18.2.0",
        "react-dom": "^18.2.0",
        "sass": "^1.3.0"
      },
      "peerDependenciesMeta": {
        "@opentelemetry/api": {
          "optional": true
        },
        "@playwright/test": {
          "optional": true
        },
        "sass": {
          "optional": true
        }
      }
    },
    "../../node_modules/.pnpm/prettier@3.6.2/node_modules/prettier": {
      "version": "3.6.2",
      "dev": true,
      "license": "MIT",
      "bin": {
        "prettier": "bin/prettier.cjs"
      },
      "engines": {
        "node": ">=14"
      },
      "funding": {
        "url": "https://github.com/prettier/prettier?sponsor=1"
      }
    },
    "../../node_modules/.pnpm/react-dom@18.3.1_react@18.2.0/node_modules/react-dom": {
      "version": "18.3.1",
      "license": "MIT",
      "dependencies": {
        "loose-envify": "^1.1.0",
        "scheduler": "^0.23.2"
      },
      "peerDependencies": {
        "react": "^18.3.1"
      }
    },
    "../../node_modules/.pnpm/react@18.2.0/node_modules/react": {
      "version": "18.2.0",
      "license": "MIT",
      "dependencies": {
        "loose-envify": "^1.1.0"
      },
      "engines": {
        "node": ">=0.10.0"
      }
    },
    "../../node_modules/.pnpm/tsup@8.5.0_jiti@1.21.7_postcss@8.5.6_tsx@4.20.5_typescript@5.9.2_yaml@2.8.1/node_modules/tsup": {
      "version": "8.5.0",
      "dev": true,
      "license": "MIT",
      "dependencies": {
        "bundle-require": "^5.1.0",
        "cac": "^6.7.14",
        "chokidar": "^4.0.3",
        "consola": "^3.4.0",
        "debug": "^4.4.0",
        "esbuild": "^0.25.0",
        "fix-dts-default-cjs-exports": "^1.0.0",
        "joycon": "^3.1.1",
        "picocolors": "^1.1.1",
        "postcss-load-config": "^6.0.1",
        "resolve-from": "^5.0.0",
        "rollup": "^4.34.8",
        "source-map": "0.8.0-beta.0",
        "sucrase": "^3.35.0",
        "tinyexec": "^0.3.2",
        "tinyglobby": "^0.2.11",
        "tree-kill": "^1.2.2"
      },
      "bin": {
        "tsup": "dist/cli-default.js",
        "tsup-node": "dist/cli-node.js"
      },
      "devDependencies": {
        "@microsoft/api-extractor": "^7.50.0",
        "@rollup/plugin-json": "6.1.0",
        "@swc/core": "1.10.18",
        "@types/debug": "4.1.12",
        "@types/node": "22.13.4",
        "@types/resolve": "1.20.6",
        "bumpp": "^10.0.3",
        "flat": "6.0.1",
        "postcss": "8.5.2",
        "postcss-simple-vars": "7.0.1",
        "prettier": "3.5.1",
        "resolve": "1.22.10",
        "rollup-plugin-dts": "6.1.1",
        "sass": "1.85.0",
        "strip-json-comments": "5.0.1",
        "svelte": "5.19.9",
        "svelte-preprocess": "6.0.3",
        "terser": "^5.39.0",
        "ts-essentials": "10.0.4",
        "tsup": "8.3.6",
        "typescript": "5.7.3",
        "vitest": "3.0.6",
        "wait-for-expect": "3.0.2"
      },
      "engines": {
        "node": ">=18"
      },
      "peerDependencies": {
        "@microsoft/api-extractor": "^7.36.0",
        "@swc/core": "^1",
        "postcss": "^8.4.12",
        "typescript": ">=4.5.0"
      },
      "peerDependenciesMeta": {
        "@microsoft/api-extractor": {
          "optional": true
        },
        "@swc/core": {
          "optional": true
        },
        "postcss": {
          "optional": true
        },
        "typescript": {
          "optional": true
        }
      }
    },
    "../../node_modules/.pnpm/typescript@5.9.2/node_modules/typescript": {
      "version": "5.9.2",
      "dev": true,
      "license": "Apache-2.0",
      "bin": {
        "tsc": "bin/tsc",
        "tsserver": "bin/tsserver"
      },
      "devDependencies": {
        "@dprint/formatter": "^0.4.1",
        "@dprint/typescript": "0.93.4",
        "@esfx/canceltoken": "^1.0.0",
        "@eslint/js": "^9.20.0",
        "@octokit/rest": "^21.1.1",
        "@types/chai": "^4.3.20",
        "@types/diff": "^7.0.1",
        "@types/minimist": "^1.2.5",
        "@types/mocha": "^10.0.10",
        "@types/ms": "^0.7.34",
        "@types/node": "latest",
        "@types/source-map-support": "^0.5.10",
        "@types/which": "^3.0.4",
        "@typescript-eslint/rule-tester": "^8.24.1",
        "@typescript-eslint/type-utils": "^8.24.1",
        "@typescript-eslint/utils": "^8.24.1",
        "azure-devops-node-api": "^14.1.0",
        "c8": "^10.1.3",
        "chai": "^4.5.0",
        "chokidar": "^4.0.3",
        "diff": "^7.0.0",
        "dprint": "^0.49.0",
        "esbuild": "^0.25.0",
        "eslint": "^9.20.1",
        "eslint-formatter-autolinkable-stylish": "^1.4.0",
        "eslint-plugin-regexp": "^2.7.0",
        "fast-xml-parser": "^4.5.2",
        "glob": "^10.4.5",
        "globals": "^15.15.0",
        "hereby": "^1.10.0",
        "jsonc-parser": "^3.3.1",
        "knip": "^5.44.4",
        "minimist": "^1.2.8",
        "mocha": "^10.8.2",
        "mocha-fivemat-progress-reporter": "^0.1.0",
        "monocart-coverage-reports": "^2.12.1",
        "ms": "^2.1.3",
        "picocolors": "^1.1.1",
        "playwright": "^1.50.1",
        "source-map-support": "^0.5.21",
        "tslib": "^2.8.1",
        "typescript": "^5.7.3",
        "typescript-eslint": "^8.24.1",
        "which": "^3.0.1"
      },
      "engines": {
        "node": ">=14.17"
      }
    },
    "../../packages/eslint-config": {
      "name": "@berachain/eslint-config",
      "version": "0.0.0",
      "extraneous": true,
      "devDependencies": {
        "@vercel/style-guide": "^5.1.0",
        "eslint-config-prettier": "^9.0.0",
        "eslint-config-turbo": "^1.13.4",
        "eslint-plugin-only-warn": "^1.1.0",
        "eslint-plugin-simple-import-sort": "^12.0.0",
        "typescript": "^5.2.2"
      }
    },
    "../../packages/typescript-config": {
      "name": "@berachain/typescript-config",
      "version": "0.0.0",
      "extraneous": true,
      "license": "MIT"
    },
    "node_modules/@thirdweb-dev/chains": {
      "resolved": "../../node_modules/.pnpm/@thirdweb-dev+chains@0.1.120/node_modules/@thirdweb-dev/chains",
      "link": true
    },
    "node_modules/@thirdweb-dev/react": {
      "resolved": "../../node_modules/.pnpm/@thirdweb-dev+react@4.9.4_@aws-sdk+credential-providers@3.883.0_@babel+core@7.28.4_@etherspro_6ciycj2e6qxtdsxvgrarielbca/node_modules/@thirdweb-dev/react",
      "link": true
    },
    "node_modules/@thirdweb-dev/sdk": {
      "resolved": "../../node_modules/.pnpm/@thirdweb-dev+sdk@4.0.99_@aws-sdk+credential-providers@3.883.0_@react-native-async-storage+as_fqxvikfhnhfzsshpqjtxuo725e/node_modules/@thirdweb-dev/sdk",
      "link": true
    },
    "node_modules/@types/jest": {
      "resolved": "../../node_modules/.pnpm/@types+jest@29.5.14/node_modules/@types/jest",
      "link": true
    },
    "node_modules/@types/node": {
      "resolved": "../../node_modules/.pnpm/@types+node@18.19.124/node_modules/@types/node",
      "link": true
    },
    "node_modules/@types/react": {
      "resolved": "../../node_modules/.pnpm/@types+react@18.2.79/node_modules/@types/react",
      "link": true
    },
    "node_modules/eslint": {
      "resolved": "../../node_modules/.pnpm/eslint@8.57.1/node_modules/eslint",
      "link": true
    },
    "node_modules/eslint-config-next": {
      "resolved": "../../node_modules/.pnpm/eslint-config-next@13.5.11_eslint@8.57.1_typescript@5.9.2/node_modules/eslint-config-next",
      "link": true
    },
    "node_modules/ethers": {
      "resolved": "../../node_modules/.pnpm/ethers@5.8.0_bufferutil@4.0.9_utf-8-validate@5.0.10/node_modules/ethers",
      "link": true
    },
    "node_modules/jest": {
      "resolved": "../../node_modules/.pnpm/jest@29.7.0_@types+node@18.19.124_babel-plugin-macros@3.1.0_ts-node@10.9.1_@types+node@18.19.124_typescript@5.9.2_/node_modules/jest",
      "link": true
    },
    "node_modules/next": {
      "resolved": "../../node_modules/.pnpm/next@14.2.26_@babel+core@7.28.4_babel-plugin-macros@3.1.0_react-dom@18.3.1_react@18.2.0__react@18.2.0/node_modules/next",
      "link": true
    },
    "node_modules/prettier": {
      "resolved": "../../node_modules/.pnpm/prettier@3.6.2/node_modules/prettier",
      "link": true
    },
    "node_modules/react": {
      "resolved": "../../node_modules/.pnpm/react@18.2.0/node_modules/react",
      "link": true
    },
    "node_modules/react-dom": {
      "resolved": "../../node_modules/.pnpm/react-dom@18.3.1_react@18.2.0/node_modules/react-dom",
      "link": true
    },
    "node_modules/tsup": {
      "resolved": "../../node_modules/.pnpm/tsup@8.5.0_jiti@1.21.7_postcss@8.5.6_tsx@4.20.5_typescript@5.9.2_yaml@2.8.1/node_modules/tsup",
      "link": true
    },
    "node_modules/typescript": {
      "resolved": "../../node_modules/.pnpm/typescript@5.9.2/node_modules/typescript",
      "link": true
    },
    "node_modules/@next/swc-darwin-arm64": {
      "version": "14.2.26",
      "resolved": "https://registry.npmjs.org/@next/swc-darwin-arm64/-/swc-darwin-arm64-14.2.26.tgz",
      "integrity": "sha512-zDJY8gsKEseGAxG+C2hTMT0w9Nk9N1Sk1qV7vXYz9MEiyRoF5ogQX2+vplyUMIfygnjn9/A04I6yrUTRTuRiyQ==",
      "cpu": [
        "arm64"
      ],
      "optional": true,
      "os": [
        "darwin"
      ],
      "engines": {
        "node": ">= 10"
      }
    },
    "node_modules/@next/swc-darwin-x64": {
      "version": "14.2.26",
      "resolved": "https://registry.npmjs.org/@next/swc-darwin-x64/-/swc-darwin-x64-14.2.26.tgz",
      "integrity": "sha512-U0adH5ryLfmTDkahLwG9sUQG2L0a9rYux8crQeC92rPhi3jGQEY47nByQHrVrt3prZigadwj/2HZ1LUUimuSbg==",
      "cpu": [
        "x64"
      ],
      "optional": true,
      "os": [
        "darwin"
      ],
      "engines": {
        "node": ">= 10"
      }
    },
    "node_modules/@next/swc-linux-arm64-gnu": {
      "version": "14.2.26",
      "resolved": "https://registry.npmjs.org/@next/swc-linux-arm64-gnu/-/swc-linux-arm64-gnu-14.2.26.tgz",
      "integrity": "sha512-SINMl1I7UhfHGM7SoRiw0AbwnLEMUnJ/3XXVmhyptzriHbWvPPbbm0OEVG24uUKhuS1t0nvN/DBvm5kz6ZIqpg==",
      "cpu": [
        "arm64"
      ],
      "optional": true,
      "os": [
        "linux"
      ],
      "engines": {
        "node": ">= 10"
      }
    },
    "node_modules/@next/swc-linux-arm64-musl": {
      "version": "14.2.26",
      "resolved": "https://registry.npmjs.org/@next/swc-linux-arm64-musl/-/swc-linux-arm64-musl-14.2.26.tgz",
      "integrity": "sha512-s6JaezoyJK2DxrwHWxLWtJKlqKqTdi/zaYigDXUJ/gmx/72CrzdVZfMvUc6VqnZ7YEvRijvYo+0o4Z9DencduA==",
      "cpu": [
        "arm64"
      ],
      "optional": true,
      "os": [
        "linux"
      ],
      "engines": {
        "node": ">= 10"
      }
    },
    "node_modules/@next/swc-linux-x64-gnu": {
      "version": "14.2.26",
      "resolved": "https://registry.npmjs.org/@next/swc-linux-x64-gnu/-/swc-linux-x64-gnu-14.2.26.tgz",
      "integrity": "sha512-FEXeUQi8/pLr/XI0hKbe0tgbLmHFRhgXOUiPScz2hk0hSmbGiU8aUqVslj/6C6KA38RzXnWoJXo4FMo6aBxjzg==",
      "cpu": [
        "x64"
      ],
      "optional": true,
      "os": [
        "linux"
      ],
      "engines": {
        "node": ">= 10"
      }
    },
    "node_modules/@next/swc-linux-x64-musl": {
      "version": "14.2.26",
      "resolved": "https://registry.npmjs.org/@next/swc-linux-x64-musl/-/swc-linux-x64-musl-14.2.26.tgz",
      "integrity": "sha512-BUsomaO4d2DuXhXhgQCVt2jjX4B4/Thts8nDoIruEJkhE5ifeQFtvW5c9JkdOtYvE5p2G0hcwQ0UbRaQmQwaVg==",
      "cpu": [
        "x64"
      ],
      "optional": true,
      "os": [
        "linux"
      ],
      "engines": {
        "node": ">= 10"
      }
    },
    "node_modules/@next/swc-win32-arm64-msvc": {
      "version": "14.2.26",
      "resolved": "https://registry.npmjs.org/@next/swc-win32-arm64-msvc/-/swc-win32-arm64-msvc-14.2.26.tgz",
      "integrity": "sha512-5auwsMVzT7wbB2CZXQxDctpWbdEnEW/e66DyXO1DcgHxIyhP06awu+rHKshZE+lPLIGiwtjo7bsyeuubewwxMw==",
      "cpu": [
        "arm64"
      ],
      "optional": true,
      "os": [
        "win32"
      ],
      "engines": {
        "node": ">= 10"
      }
    },
    "node_modules/@next/swc-win32-ia32-msvc": {
      "version": "14.2.26",
      "resolved": "https://registry.npmjs.org/@next/swc-win32-ia32-msvc/-/swc-win32-ia32-msvc-14.2.26.tgz",
      "integrity": "sha512-GQWg/Vbz9zUGi9X80lOeGsz1rMH/MtFO/XqigDznhhhTfDlDoynCM6982mPCbSlxJ/aveZcKtTlwfAjwhyxDpg==",
      "cpu": [
        "ia32"
      ],
      "optional": true,
      "os": [
        "win32"
      ],
      "engines": {
        "node": ">= 10"
      }
    },
    "node_modules/@next/swc-win32-x64-msvc": {
      "version": "14.2.26",
      "resolved": "https://registry.npmjs.org/@next/swc-win32-x64-msvc/-/swc-win32-x64-msvc-14.2.26.tgz",
      "integrity": "sha512-2rdB3T1/Gp7bv1eQTTm9d1Y1sv9UuJ2LAwOE0Pe2prHKe32UNscj7YS13fRB37d0GAiGNR+Y7ZcW8YjDI8Ns0w==",
      "cpu": [
        "x64"
      ],
      "optional": true,
      "os": [
        "win32"
      ],
      "engines": {
        "node": ">= 10"
      }
    }
  }
}
